// !$*UTF8*$!
{
	archiveVersion = 1;
	classes = {
	};
	objectVersion = 56;
	objects = {

/* Begin PBXBuildFile section */
		75EB31772AC18272008D87F2 /* AppDelegate.swift in Sources */ = {isa = PBXBuildFile; fileRef = 75EB31762AC18272008D87F2 /* AppDelegate.swift */; };
		75EB31792AC18272008D87F2 /* SceneDelegate.swift in Sources */ = {isa = PBXBuildFile; fileRef = 75EB31782AC18272008D87F2 /* SceneDelegate.swift */; };
		75EB317B2AC18272008D87F2 /* ViewController.swift in Sources */ = {isa = PBXBuildFile; fileRef = 75EB317A2AC18272008D87F2 /* ViewController.swift */; };
		75EB317E2AC18272008D87F2 /* Main.storyboard in Resources */ = {isa = PBXBuildFile; fileRef = 75EB317C2AC18272008D87F2 /* Main.storyboard */; };
		75EB31802AC18273008D87F2 /* Assets.xcassets in Resources */ = {isa = PBXBuildFile; fileRef = 75EB317F2AC18273008D87F2 /* Assets.xcassets */; };
		75EB31832AC18273008D87F2 /* LaunchScreen.storyboard in Resources */ = {isa = PBXBuildFile; fileRef = 75EB31812AC18273008D87F2 /* LaunchScreen.storyboard */; };
		75EB318E2AC18273008D87F2 /* Image_to_Text_AppTests.swift in Sources */ = {isa = PBXBuildFile; fileRef = 75EB318D2AC18273008D87F2 /* Image_to_Text_AppTests.swift */; };
		75EB31982AC18273008D87F2 /* Image_to_Text_AppUITests.swift in Sources */ = {isa = PBXBuildFile; fileRef = 75EB31972AC18273008D87F2 /* Image_to_Text_AppUITests.swift */; };
		75EB319A2AC18273008D87F2 /* Image_to_Text_AppUITestsLaunchTests.swift in Sources */ = {isa = PBXBuildFile; fileRef = 75EB31992AC18273008D87F2 /* Image_to_Text_AppUITestsLaunchTests.swift */; };
/* End PBXBuildFile section */

/* Begin PBXContainerItemProxy section */
		75EB318A2AC18273008D87F2 /* PBXContainerItemProxy */ = {
			isa = PBXContainerItemProxy;
			containerPortal = 75EB316B2AC18272008D87F2 /* Project object */;
			proxyType = 1;
			remoteGlobalIDString = 75EB31722AC18272008D87F2;
			remoteInfo = "Image to Text App";
		};
		75EB31942AC18273008D87F2 /* PBXContainerItemProxy */ = {
			isa = PBXContainerItemProxy;
			containerPortal = 75EB316B2AC18272008D87F2 /* Project object */;
			proxyType = 1;
			remoteGlobalIDString = 75EB31722AC18272008D87F2;
			remoteInfo = "Image to Text App";
		};
/* End PBXContainerItemProxy section */

/* Begin PBXFileReference section */
		75EB31732AC18272008D87F2 /* Image to Text App.app */ = {isa = PBXFileReference; explicitFileType = wrapper.application; includeInIndex = 0; path = "Image to Text App.app"; sourceTree = BUILT_PRODUCTS_DIR; };
		75EB31762AC18272008D87F2 /* AppDelegate.swift */ = {isa = PBXFileReference; lastKnownFileType = sourcecode.swift; path = AppDelegate.swift; sourceTree = "<group>"; };
		75EB31782AC18272008D87F2 /* SceneDelegate.swift */ = {isa = PBXFileReference; lastKnownFileType = sourcecode.swift; path = SceneDelegate.swift; sourceTree = "<group>"; };
		75EB317A2AC18272008D87F2 /* ViewController.swift */ = {isa = PBXFileReference; lastKnownFileType = sourcecode.swift; path = ViewController.swift; sourceTree = "<group>"; };
		75EB317D2AC18272008D87F2 /* Base */ = {isa = PBXFileReference; lastKnownFileType = file.storyboard; name = Base; path = Base.lproj/Main.storyboard; sourceTree = "<group>"; };
		75EB317F2AC18273008D87F2 /* Assets.xcassets */ = {isa = PBXFileReference; lastKnownFileType = folder.assetcatalog; path = Assets.xcassets; sourceTree = "<group>"; };
		75EB31822AC18273008D87F2 /* Base */ = {isa = PBXFileReference; lastKnownFileType = file.storyboard; name = Base; path = Base.lproj/LaunchScreen.storyboard; sourceTree = "<group>"; };
		75EB31842AC18273008D87F2 /* Info.plist */ = {isa = PBXFileReference; lastKnownFileType = text.plist.xml; path = Info.plist; sourceTree = "<group>"; };
		75EB31892AC18273008D87F2 /* Image to Text AppTests.xctest */ = {isa = PBXFileReference; explicitFileType = wrapper.cfbundle; includeInIndex = 0; path = "Image to Text AppTests.xctest"; sourceTree = BUILT_PRODUCTS_DIR; };
		75EB318D2AC18273008D87F2 /* Image_to_Text_AppTests.swift */ = {isa = PBXFileReference; lastKnownFileType = sourcecode.swift; path = Image_to_Text_AppTests.swift; sourceTree = "<group>"; };
		75EB31932AC18273008D87F2 /* Image to Text AppUITests.xctest */ = {isa = PBXFileReference; explicitFileType = wrapper.cfbundle; includeInIndex = 0; path = "Image to Text AppUITests.xctest"; sourceTree = BUILT_PRODUCTS_DIR; };
		75EB31972AC18273008D87F2 /* Image_to_Text_AppUITests.swift */ = {isa = PBXFileReference; lastKnownFileType = sourcecode.swift; path = Image_to_Text_AppUITests.swift; sourceTree = "<group>"; };
		75EB31992AC18273008D87F2 /* Image_to_Text_AppUITestsLaunchTests.swift */ = {isa = PBXFileReference; lastKnownFileType = sourcecode.swift; path = Image_to_Text_AppUITestsLaunchTests.swift; sourceTree = "<group>"; };
/* End PBXFileReference section */

/* Begin PBXFrameworksBuildPhase section */
		75EB31702AC18272008D87F2 /* Frameworks */ = {
			isa = PBXFrameworksBuildPhase;
			buildActionMask = 2147483647;
			files = (
			);
			runOnlyForDeploymentPostprocessing = 0;
		};
		75EB31862AC18273008D87F2 /* Frameworks */ = {
			isa = PBXFrameworksBuildPhase;
			buildActionMask = 2147483647;
			files = (
			);
			runOnlyForDeploymentPostprocessing = 0;
		};
		75EB31902AC18273008D87F2 /* Frameworks */ = {
			isa = PBXFrameworksBuildPhase;
			buildActionMask = 2147483647;
			files = (
			);
			runOnlyForDeploymentPostprocessing = 0;
		};
/* End PBXFrameworksBuildPhase section */

/* Begin PBXGroup section */
		75EB316A2AC18272008D87F2 = {
			isa = PBXGroup;
			children = (
				75EB31752AC18272008D87F2 /* Image to Text App */,
				75EB318C2AC18273008D87F2 /* Image to Text AppTests */,
				75EB31962AC18273008D87F2 /* Image to Text AppUITests */,
				75EB31742AC18272008D87F2 /* Products */,
			);
			sourceTree = "<group>";
		};
		75EB31742AC18272008D87F2 /* Products */ = {
			isa = PBXGroup;
			children = (
				75EB31732AC18272008D87F2 /* Image to Text App.app */,
				75EB31892AC18273008D87F2 /* Image to Text AppTests.xctest */,
				75EB31932AC18273008D87F2 /* Image to Text AppUITests.xctest */,
			);
			name = Products;
			sourceTree = "<group>";
		};
		75EB31752AC18272008D87F2 /* Image to Text App */ = {
			isa = PBXGroup;
			children = (
				75EB31762AC18272008D87F2 /* AppDelegate.swift */,
				75EB31782AC18272008D87F2 /* SceneDelegate.swift */,
				75EB317A2AC18272008D87F2 /* ViewController.swift */,
				75EB317C2AC18272008D87F2 /* Main.storyboard */,
				75EB317F2AC18273008D87F2 /* Assets.xcassets */,
				75EB31812AC18273008D87F2 /* LaunchScreen.storyboard */,
				75EB31842AC18273008D87F2 /* Info.plist */,
			);
			path = "Image to Text App";
			sourceTree = "<group>";
		};
		75EB318C2AC18273008D87F2 /* Image to Text AppTests */ = {
			isa = PBXGroup;
			children = (
				75EB318D2AC18273008D87F2 /* Image_to_Text_AppTests.swift */,
			);
			path = "Image to Text AppTests";
			sourceTree = "<group>";
		};
		75EB31962AC18273008D87F2 /* Image to Text AppUITests */ = {
			isa = PBXGroup;
			children = (
				75EB31972AC18273008D87F2 /* Image_to_Text_AppUITests.swift */,
				75EB31992AC18273008D87F2 /* Image_to_Text_AppUITestsLaunchTests.swift */,
			);
			path = "Image to Text AppUITests";
			sourceTree = "<group>";
		};
/* End PBXGroup section */

/* Begin PBXNativeTarget section */
		75EB31722AC18272008D87F2 /* Image to Text App */ = {
			isa = PBXNativeTarget;
			buildConfigurationList = 75EB319D2AC18273008D87F2 /* Build configuration list for PBXNativeTarget "Image to Text App" */;
			buildPhases = (
				75EB316F2AC18272008D87F2 /* Sources */,
				75EB31702AC18272008D87F2 /* Frameworks */,
				75EB31712AC18272008D87F2 /* Resources */,
			);
			buildRules = (
			);
			dependencies = (
			);
			name = "Image to Text App";
			productName = "Image to Text App";
			productReference = 75EB31732AC18272008D87F2 /* Image to Text App.app */;
			productType = "com.apple.product-type.application";
		};
		75EB31882AC18273008D87F2 /* Image to Text AppTests */ = {
			isa = PBXNativeTarget;
			buildConfigurationList = 75EB31A02AC18273008D87F2 /* Build configuration list for PBXNativeTarget "Image to Text AppTests" */;
			buildPhases = (
				75EB31852AC18273008D87F2 /* Sources */,
				75EB31862AC18273008D87F2 /* Frameworks */,
				75EB31872AC18273008D87F2 /* Resources */,
			);
			buildRules = (
			);
			dependencies = (
				75EB318B2AC18273008D87F2 /* PBXTargetDependency */,
			);
			name = "Image to Text AppTests";
			productName = "Image to Text AppTests";
			productReference = 75EB31892AC18273008D87F2 /* Image to Text AppTests.xctest */;
			productType = "com.apple.product-type.bundle.unit-test";
		};
		75EB31922AC18273008D87F2 /* Image to Text AppUITests */ = {
			isa = PBXNativeTarget;
			buildConfigurationList = 75EB31A32AC18273008D87F2 /* Build configuration list for PBXNativeTarget "Image to Text AppUITests" */;
			buildPhases = (
				75EB318F2AC18273008D87F2 /* Sources */,
				75EB31902AC18273008D87F2 /* Frameworks */,
				75EB31912AC18273008D87F2 /* Resources */,
			);
			buildRules = (
			);
			dependencies = (
				75EB31952AC18273008D87F2 /* PBXTargetDependency */,
			);
			name = "Image to Text AppUITests";
			productName = "Image to Text AppUITests";
			productReference = 75EB31932AC18273008D87F2 /* Image to Text AppUITests.xctest */;
			productType = "com.apple.product-type.bundle.ui-testing";
		};
/* End PBXNativeTarget section */

/* Begin PBXProject section */
		75EB316B2AC18272008D87F2 /* Project object */ = {
			isa = PBXProject;
			attributes = {
				BuildIndependentTargetsInParallel = 1;
				LastSwiftUpdateCheck = 1500;
				LastUpgradeCheck = 1500;
				TargetAttributes = {
					75EB31722AC18272008D87F2 = {
						CreatedOnToolsVersion = 15.0;
					};
					75EB31882AC18273008D87F2 = {
						CreatedOnToolsVersion = 15.0;
						TestTargetID = 75EB31722AC18272008D87F2;
					};
					75EB31922AC18273008D87F2 = {
						CreatedOnToolsVersion = 15.0;
						TestTargetID = 75EB31722AC18272008D87F2;
					};
				};
			};
			buildConfigurationList = 75EB316E2AC18272008D87F2 /* Build configuration list for PBXProject "Image to Text App" */;
			compatibilityVersion = "Xcode 14.0";
			developmentRegion = en;
			hasScannedForEncodings = 0;
			knownRegions = (
				en,
				Base,
			);
			mainGroup = 75EB316A2AC18272008D87F2;
			productRefGroup = 75EB31742AC18272008D87F2 /* Products */;
			projectDirPath = "";
			projectRoot = "";
			targets = (
				75EB31722AC18272008D87F2 /* Image to Text App */,
				75EB31882AC18273008D87F2 /* Image to Text AppTests */,
				75EB31922AC18273008D87F2 /* Image to Text AppUITests */,
			);
		};
/* End PBXProject section */

/* Begin PBXResourcesBuildPhase section */
		75EB31712AC18272008D87F2 /* Resources */ = {
			isa = PBXResourcesBuildPhase;
			buildActionMask = 2147483647;
			files = (
				75EB31832AC18273008D87F2 /* LaunchScreen.storyboard in Resources */,
				75EB31802AC18273008D87F2 /* Assets.xcassets in Resources */,
				75EB317E2AC18272008D87F2 /* Main.storyboard in Resources */,
			);
			runOnlyForDeploymentPostprocessing = 0;
		};
		75EB31872AC18273008D87F2 /* Resources */ = {
			isa = PBXResourcesBuildPhase;
			buildActionMask = 2147483647;
			files = (
			);
			runOnlyForDeploymentPostprocessing = 0;
		};
		75EB31912AC18273008D87F2 /* Resources */ = {
			isa = PBXResourcesBuildPhase;
			buildActionMask = 2147483647;
			files = (
			);
			runOnlyForDeploymentPostprocessing = 0;
		};
/* End PBXResourcesBuildPhase section */

/* Begin PBXSourcesBuildPhase section */
		75EB316F2AC18272008D87F2 /* Sources */ = {
			isa = PBXSourcesBuildPhase;
			buildActionMask = 2147483647;
			files = (
				75EB317B2AC18272008D87F2 /* ViewController.swift in Sources */,
				75EB31772AC18272008D87F2 /* AppDelegate.swift in Sources */,
				75EB31792AC18272008D87F2 /* SceneDelegate.swift in Sources */,
			);
			runOnlyForDeploymentPostprocessing = 0;
		};
		75EB31852AC18273008D87F2 /* Sources */ = {
			isa = PBXSourcesBuildPhase;
			buildActionMask = 2147483647;
			files = (
				75EB318E2AC18273008D87F2 /* Image_to_Text_AppTests.swift in Sources */,
			);
			runOnlyForDeploymentPostprocessing = 0;
		};
		75EB318F2AC18273008D87F2 /* Sources */ = {
			isa = PBXSourcesBuildPhase;
			buildActionMask = 2147483647;
			files = (
				75EB319A2AC18273008D87F2 /* Image_to_Text_AppUITestsLaunchTests.swift in Sources */,
				75EB31982AC18273008D87F2 /* Image_to_Text_AppUITests.swift in Sources */,
			);
			runOnlyForDeploymentPostprocessing = 0;
		};
/* End PBXSourcesBuildPhase section */

/* Begin PBXTargetDependency section */
		75EB318B2AC18273008D87F2 /* PBXTargetDependency */ = {
			isa = PBXTargetDependency;
			target = 75EB31722AC18272008D87F2 /* Image to Text App */;
			targetProxy = 75EB318A2AC18273008D87F2 /* PBXContainerItemProxy */;
		};
		75EB31952AC18273008D87F2 /* PBXTargetDependency */ = {
			isa = PBXTargetDependency;
			target = 75EB31722AC18272008D87F2 /* Image to Text App */;
			targetProxy = 75EB31942AC18273008D87F2 /* PBXContainerItemProxy */;
		};
/* End PBXTargetDependency section */

/* Begin PBXVariantGroup section */
		75EB317C2AC18272008D87F2 /* Main.storyboard */ = {
			isa = PBXVariantGroup;
			children = (
				75EB317D2AC18272008D87F2 /* Base */,
			);
			name = Main.storyboard;
			sourceTree = "<group>";
		};
		75EB31812AC18273008D87F2 /* LaunchScreen.storyboard */ = {
			isa = PBXVariantGroup;
			children = (
				75EB31822AC18273008D87F2 /* Base */,
			);
			name = LaunchScreen.storyboard;
			sourceTree = "<group>";
		};
/* End PBXVariantGroup section */

/* Begin XCBuildConfiguration section */
		75EB319B2AC18273008D87F2 /* Debug */ = {
			isa = XCBuildConfiguration;
			buildSettings = {
				ALWAYS_SEARCH_USER_PATHS = NO;
				ASSETCATALOG_COMPILER_GENERATE_SWIFT_ASSET_SYMBOL_EXTENSIONS = YES;
				CLANG_ANALYZER_NONNULL = YES;
				CLANG_ANALYZER_NUMBER_OBJECT_CONVERSION = YES_AGGRESSIVE;
				CLANG_CXX_LANGUAGE_STANDARD = "gnu++20";
				CLANG_ENABLE_MODULES = YES;
				CLANG_ENABLE_OBJC_ARC = YES;
				CLANG_ENABLE_OBJC_WEAK = YES;
				CLANG_WARN_BLOCK_CAPTURE_AUTORELEASING = YES;
				CLANG_WARN_BOOL_CONVERSION = YES;
				CLANG_WARN_COMMA = YES;
				CLANG_WARN_CONSTANT_CONVERSION = YES;
				CLANG_WARN_DEPRECATED_OBJC_IMPLEMENTATIONS = YES;
				CLANG_WARN_DIRECT_OBJC_ISA_USAGE = YES_ERROR;
				CLANG_WARN_DOCUMENTATION_COMMENTS = YES;
				CLANG_WARN_EMPTY_BODY = YES;
				CLANG_WARN_ENUM_CONVERSION = YES;
				CLANG_WARN_INFINITE_RECURSION = YES;
				CLANG_WARN_INT_CONVERSION = YES;
				CLANG_WARN_NON_LITERAL_NULL_CONVERSION = YES;
				CLANG_WARN_OBJC_IMPLICIT_RETAIN_SELF = YES;
				CLANG_WARN_OBJC_LITERAL_CONVERSION = YES;
				CLANG_WARN_OBJC_ROOT_CLASS = YES_ERROR;
				CLANG_WARN_QUOTED_INCLUDE_IN_FRAMEWORK_HEADER = YES;
				CLANG_WARN_RANGE_LOOP_ANALYSIS = YES;
				CLANG_WARN_STRICT_PROTOTYPES = YES;
				CLANG_WARN_SUSPICIOUS_MOVE = YES;
				CLANG_WARN_UNGUARDED_AVAILABILITY = YES_AGGRESSIVE;
				CLANG_WARN_UNREACHABLE_CODE = YES;
				CLANG_WARN__DUPLICATE_METHOD_MATCH = YES;
				COPY_PHASE_STRIP = NO;
				DEBUG_INFORMATION_FORMAT = dwarf;
				ENABLE_STRICT_OBJC_MSGSEND = YES;
				ENABLE_TESTABILITY = YES;
				ENABLE_USER_SCRIPT_SANDBOXING = YES;
				GCC_C_LANGUAGE_STANDARD = gnu17;
				GCC_DYNAMIC_NO_PIC = NO;
				GCC_NO_COMMON_BLOCKS = YES;
				GCC_OPTIMIZATION_LEVEL = 0;
				GCC_PREPROCESSOR_DEFINITIONS = (
					"DEBUG=1",
					"$(inherited)",
				);
				GCC_WARN_64_TO_32_BIT_CONVERSION = YES;
				GCC_WARN_ABOUT_RETURN_TYPE = YES_ERROR;
				GCC_WARN_UNDECLARED_SELECTOR = YES;
				GCC_WARN_UNINITIALIZED_AUTOS = YES_AGGRESSIVE;
				GCC_WARN_UNUSED_FUNCTION = YES;
				GCC_WARN_UNUSED_VARIABLE = YES;
				IPHONEOS_DEPLOYMENT_TARGET = 17.0;
				LOCALIZATION_PREFERS_STRING_CATALOGS = YES;
				MTL_ENABLE_DEBUG_INFO = INCLUDE_SOURCE;
				MTL_FAST_MATH = YES;
				ONLY_ACTIVE_ARCH = YES;
				SDKROOT = iphoneos;
				SWIFT_ACTIVE_COMPILATION_CONDITIONS = "DEBUG $(inherited)";
				SWIFT_OPTIMIZATION_LEVEL = "-Onone";
			};
			name = Debug;
		};
		75EB319C2AC18273008D87F2 /* Release */ = {
			isa = XCBuildConfiguration;
			buildSettings = {
				ALWAYS_SEARCH_USER_PATHS = NO;
				ASSETCATALOG_COMPILER_GENERATE_SWIFT_ASSET_SYMBOL_EXTENSIONS = YES;
				CLANG_ANALYZER_NONNULL = YES;
				CLANG_ANALYZER_NUMBER_OBJECT_CONVERSION = YES_AGGRESSIVE;
				CLANG_CXX_LANGUAGE_STANDARD = "gnu++20";
				CLANG_ENABLE_MODULES = YES;
				CLANG_ENABLE_OBJC_ARC = YES;
				CLANG_ENABLE_OBJC_WEAK = YES;
				CLANG_WARN_BLOCK_CAPTURE_AUTORELEASING = YES;
				CLANG_WARN_BOOL_CONVERSION = YES;
				CLANG_WARN_COMMA = YES;
				CLANG_WARN_CONSTANT_CONVERSION = YES;
				CLANG_WARN_DEPRECATED_OBJC_IMPLEMENTATIONS = YES;
				CLANG_WARN_DIRECT_OBJC_ISA_USAGE = YES_ERROR;
				CLANG_WARN_DOCUMENTATION_COMMENTS = YES;
				CLANG_WARN_EMPTY_BODY = YES;
				CLANG_WARN_ENUM_CONVERSION = YES;
				CLANG_WARN_INFINITE_RECURSION = YES;
				CLANG_WARN_INT_CONVERSION = YES;
				CLANG_WARN_NON_LITERAL_NULL_CONVERSION = YES;
				CLANG_WARN_OBJC_IMPLICIT_RETAIN_SELF = YES;
				CLANG_WARN_OBJC_LITERAL_CONVERSION = YES;
				CLANG_WARN_OBJC_ROOT_CLASS = YES_ERROR;
				CLANG_WARN_QUOTED_INCLUDE_IN_FRAMEWORK_HEADER = YES;
				CLANG_WARN_RANGE_LOOP_ANALYSIS = YES;
				CLANG_WARN_STRICT_PROTOTYPES = YES;
				CLANG_WARN_SUSPICIOUS_MOVE = YES;
				CLANG_WARN_UNGUARDED_AVAILABILITY = YES_AGGRESSIVE;
				CLANG_WARN_UNREACHABLE_CODE = YES;
				CLANG_WARN__DUPLICATE_METHOD_MATCH = YES;
				COPY_PHASE_STRIP = NO;
				DEBUG_INFORMATION_FORMAT = "dwarf-with-dsym";
				ENABLE_NS_ASSERTIONS = NO;
				ENABLE_STRICT_OBJC_MSGSEND = YES;
				ENABLE_USER_SCRIPT_SANDBOXING = YES;
				GCC_C_LANGUAGE_STANDARD = gnu17;
				GCC_NO_COMMON_BLOCKS = YES;
				GCC_WARN_64_TO_32_BIT_CONVERSION = YES;
				GCC_WARN_ABOUT_RETURN_TYPE = YES_ERROR;
				GCC_WARN_UNDECLARED_SELECTOR = YES;
				GCC_WARN_UNINITIALIZED_AUTOS = YES_AGGRESSIVE;
				GCC_WARN_UNUSED_FUNCTION = YES;
				GCC_WARN_UNUSED_VARIABLE = YES;
				IPHONEOS_DEPLOYMENT_TARGET = 17.0;
				LOCALIZATION_PREFERS_STRING_CATALOGS = YES;
				MTL_ENABLE_DEBUG_INFO = NO;
				MTL_FAST_MATH = YES;
				SDKROOT = iphoneos;
				SWIFT_COMPILATION_MODE = wholemodule;
				VALIDATE_PRODUCT = YES;
			};
			name = Release;
		};
		75EB319E2AC18273008D87F2 /* Debug */ = {
			isa = XCBuildConfiguration;
			buildSettings = {
				ASSETCATALOG_COMPILER_APPICON_NAME = AppIcon;
				ASSETCATALOG_COMPILER_GLOBAL_ACCENT_COLOR_NAME = AccentColor;
				CODE_SIGN_STYLE = Automatic;
				CURRENT_PROJECT_VERSION = 1;
				GENERATE_INFOPLIST_FILE = YES;
				INFOPLIST_FILE = "Image to Text App/Info.plist";
				INFOPLIST_KEY_UIApplicationSupportsIndirectInputEvents = YES;
				INFOPLIST_KEY_UILaunchStoryboardName = LaunchScreen;
				INFOPLIST_KEY_UIMainStoryboardFile = Main;
				INFOPLIST_KEY_UISupportedInterfaceOrientations_iPad = "UIInterfaceOrientationPortrait UIInterfaceOrientationPortraitUpsideDown UIInterfaceOrientationLandscapeLeft UIInterfaceOrientationLandscapeRight";
				INFOPLIST_KEY_UISupportedInterfaceOrientations_iPhone = "UIInterfaceOrientationPortrait UIInterfaceOrientationLandscapeLeft UIInterfaceOrientationLandscapeRight";
				LD_RUNPATH_SEARCH_PATHS = (
					"$(inherited)",
					"@executable_path/Frameworks",
				);
				MARKETING_VERSION = 1.0;
				PRODUCT_BUNDLE_IDENTIFIER = "abdur-razzak.Image-to-Text-App";
				PRODUCT_NAME = "$(TARGET_NAME)";
				SWIFT_EMIT_LOC_STRINGS = YES;
				SWIFT_VERSION = 5.0;
				TARGETED_DEVICE_FAMILY = "1,2";
			};
			name = Debug;
		};
		75EB319F2AC18273008D87F2 /* Release */ = {
			isa = XCBuildConfiguration;
			buildSettings = {
				ASSETCATALOG_COMPILER_APPICON_NAME = AppIcon;
				ASSETCATALOG_COMPILER_GLOBAL_ACCENT_COLOR_NAME = AccentColor;
				CODE_SIGN_STYLE = Automatic;
				CURRENT_PROJECT_VERSION = 1;
				GENERATE_INFOPLIST_FILE = YES;
				INFOPLIST_FILE = "Image to Text App/Info.plist";
				INFOPLIST_KEY_UIApplicationSupportsIndirectInputEvents = YES;
				INFOPLIST_KEY_UILaunchStoryboardName = LaunchScreen;
				INFOPLIST_KEY_UIMainStoryboardFile = Main;
				INFOPLIST_KEY_UISupportedInterfaceOrientations_iPad = "UIInterfaceOrientationPortrait UIInterfaceOrientationPortraitUpsideDown UIInterfaceOrientationLandscapeLeft UIInterfaceOrientationLandscapeRight";
				INFOPLIST_KEY_UISupportedInterfaceOrientations_iPhone = "UIInterfaceOrientationPortrait UIInterfaceOrientationLandscapeLeft UIInterfaceOrientationLandscapeRight";
				LD_RUNPATH_SEARCH_PATHS = (
					"$(inherited)",
					"@executable_path/Frameworks",
				);
				MARKETING_VERSION = 1.0;
				PRODUCT_BUNDLE_IDENTIFIER = "abdur-razzak.Image-to-Text-App";
				PRODUCT_NAME = "$(TARGET_NAME)";
				SWIFT_EMIT_LOC_STRINGS = YES;
				SWIFT_VERSION = 5.0;
				TARGETED_DEVICE_FAMILY = "1,2";
			};
			name = Release;
		};
		75EB31A12AC18273008D87F2 /* Debug */ = {
			isa = XCBuildConfiguration;
			buildSettings = {
				ALWAYS_EMBED_SWIFT_STANDARD_LIBRARIES = YES;
				BUNDLE_LOADER = "$(TEST_HOST)";
				CODE_SIGN_STYLE = Automatic;
				CURRENT_PROJECT_VERSION = 1;
				GENERATE_INFOPLIST_FILE = YES;
				IPHONEOS_DEPLOYMENT_TARGET = 17.0;
				MARKETING_VERSION = 1.0;
				PRODUCT_BUNDLE_IDENTIFIER = "abdur-razzak.Image-to-Text-AppTests";
				PRODUCT_NAME = "$(TARGET_NAME)";
				SWIFT_EMIT_LOC_STRINGS = NO;
				SWIFT_VERSION = 5.0;
				TARGETED_DEVICE_FAMILY = "1,2";
				TEST_HOST = "$(BUILT_PRODUCTS_DIR)/Image to Text App.app/$(BUNDLE_EXECUTABLE_FOLDER_PATH)/Image to Text App";
			};
			name = Debug;
		};
		75EB31A22AC18273008D87F2 /* Release */ = {
			isa = XCBuildConfiguration;
			buildSettings = {
				ALWAYS_EMBED_SWIFT_STANDARD_LIBRARIES = YES;
				BUNDLE_LOADER = "$(TEST_HOST)";
				CODE_SIGN_STYLE = Automatic;
				CURRENT_PROJECT_VERSION = 1;
				GENERATE_INFOPLIST_FILE = YES;
				IPHONEOS_DEPLOYMENT_TARGET = 17.0;
				MARKETING_VERSION = 1.0;
				PRODUCT_BUNDLE_IDENTIFIER = "abdur-razzak.Image-to-Text-AppTests";
				PRODUCT_NAME = "$(TARGET_NAME)";
				SWIFT_EMIT_LOC_STRINGS = NO;
				SWIFT_VERSION = 5.0;
				TARGETED_DEVICE_FAMILY = "1,2";
				TEST_HOST = "$(BUILT_PRODUCTS_DIR)/Image to Text App.app/$(BUNDLE_EXECUTABLE_FOLDER_PATH)/Image to Text App";
			};
			name = Release;
		};
		75EB31A42AC18273008D87F2 /* Debug */ = {
			isa = XCBuildConfiguration;
			buildSettings = {
				ALWAYS_EMBED_SWIFT_STANDARD_LIBRARIES = YES;
				CODE_SIGN_STYLE = Automatic;
				CURRENT_PROJECT_VERSION = 1;
				GENERATE_INFOPLIST_FILE = YES;
				MARKETING_VERSION = 1.0;
				PRODUCT_BUNDLE_IDENTIFIER = "abdur-razzak.Image-to-Text-AppUITests";
				PRODUCT_NAME = "$(TARGET_NAME)";
				SWIFT_EMIT_LOC_STRINGS = NO;
				SWIFT_VERSION = 5.0;
				TARGETED_DEVICE_FAMILY = "1,2";
				TEST_TARGET_NAME = "Image to Text App";
			};
			name = Debug;
		};
		75EB31A52AC18273008D87F2 /* Release */ = {
			isa = XCBuildConfiguration;
			buildSettings = {
				ALWAYS_EMBED_SWIFT_STANDARD_LIBRARIES = YES;
				CODE_SIGN_STYLE = Automatic;
				CURRENT_PROJECT_VERSION = 1;
				GENERATE_INFOPLIST_FILE = YES;
				MARKETING_VERSION = 1.0;
				PRODUCT_BUNDLE_IDENTIFIER = "abdur-razzak.Image-to-Text-AppUITests";
				PRODUCT_NAME = "$(TARGET_NAME)";
				SWIFT_EMIT_LOC_STRINGS = NO;
				SWIFT_VERSION = 5.0;
				TARGETED_DEVICE_FAMILY = "1,2";
				TEST_TARGET_NAME = "Image to Text App";
			};
			name = Release;
		};
/* End XCBuildConfiguration section */

/* Begin XCConfigurationList section */
		75EB316E2AC18272008D87F2 /* Build configuration list for PBXProject "Image to Text App" */ = {
			isa = XCConfigurationList;
			buildConfigurations = (
				75EB319B2AC18273008D87F2 /* Debug */,
				75EB319C2AC18273008D87F2 /* Release */,
			);
			defaultConfigurationIsVisible = 0;
			defaultConfigurationName = Release;
		};
		75EB319D2AC18273008D87F2 /* Build configuration list for PBXNativeTarget "Image to Text App" */ = {
			isa = XCConfigurationList;
			buildConfigurations = (
				75EB319E2AC18273008D87F2 /* Debug */,
				75EB319F2AC18273008D87F2 /* Release */,
			);
			defaultConfigurationIsVisible = 0;
			defaultConfigurationName = Release;
		};
		75EB31A02AC18273008D87F2 /* Build configuration list for PBXNativeTarget "Image to Text AppTests" */ = {
			isa = XCConfigurationList;
			buildConfigurations = (
				75EB31A12AC18273008D87F2 /* Debug */,
				75EB31A22AC18273008D87F2 /* Release */,
			);
			defaultConfigurationIsVisible = 0;
			defaultConfigurationName = Release;
		};
		75EB31A32AC18273008D87F2 /* Build configuration list for PBXNativeTarget "Image to Text AppUITests" */ = {
			isa = XCConfigurationList;
			buildConfigurations = (
				75EB31A42AC18273008D87F2 /* Debug */,
				75EB31A52AC18273008D87F2 /* Release */,
			);
			defaultConfigurationIsVisible = 0;
			defaultConfigurationName = Release;
		};
/* End XCConfigurationList section */
	};
	rootObject = 75EB316B2AC18272008D87F2 /* Project object */;
}
